[[package]]
name = "appdirs"
version = "1.4.4"
description = "A small Python module for determining appropriate platform-specific dirs, e.g. a \"user data dir\"."
category = "dev"
optional = false
python-versions = "*"

[[package]]
name = "black"
version = "21.6b0"
description = "The uncompromising code formatter."
category = "dev"
optional = false
python-versions = ">=3.6.2"

[package.dependencies]
appdirs = "*"
click = ">=7.1.2"
mypy-extensions = ">=0.4.3"
pathspec = ">=0.8.1,<1"
regex = ">=2020.1.8"
toml = ">=0.10.1"

[package.extras]
colorama = ["colorama (>=0.4.3)"]
d = ["aiohttp (>=3.6.0)", "aiohttp-cors (>=0.4.0)"]
python2 = ["typed-ast (>=1.4.2)"]
uvloop = ["uvloop (>=0.15.2)"]

[[package]]
name = "certifi"
version = "2021.5.30"
description = "Python package for providing Mozilla's CA Bundle."
category = "main"
optional = false
python-versions = "*"

[[package]]
name = "chardet"
version = "4.0.0"
description = "Universal encoding detector for Python 2 and 3"
category = "main"
optional = false
python-versions = ">=2.7, !=3.0.*, !=3.1.*, !=3.2.*, !=3.3.*, !=3.4.*"

[[package]]
name = "click"
version = "8.0.1"
description = "Composable command line interface toolkit"
category = "dev"
optional = false
python-versions = ">=3.6"

[package.dependencies]
colorama = {version = "*", markers = "platform_system == \"Windows\""}

[[package]]
name = "colorama"
version = "0.4.4"
description = "Cross-platform colored terminal text."
category = "dev"
optional = false
python-versions = ">=2.7, !=3.0.*, !=3.1.*, !=3.2.*, !=3.3.*, !=3.4.*"

[[package]]
name = "distro"
version = "1.5.0"
description = "Distro - an OS platform information API"
category = "main"
optional = false
python-versions = "*"

[[package]]
name = "gpg"
version = "1.10.0"
description = "Python bindings for GPGME GnuPG cryptography library"
category = "main"
optional = false
python-versions = "*"

[[package]]
name = "idna"
version = "2.10"
description = "Internationalized Domain Names in Applications (IDNA)"
category = "main"
optional = false
python-versions = ">=2.7, !=3.0.*, !=3.1.*, !=3.2.*, !=3.3.*"

[[package]]
name = "mypy-extensions"
version = "0.4.3"
description = "Experimental type system extensions for programs checked with the mypy typechecker."
category = "dev"
optional = false
python-versions = "*"

[[package]]
name = "packaging"
version = "21.0"
description = "Core utilities for Python packages"
category = "main"
optional = false
python-versions = ">=3.6"

[package.dependencies]
pyparsing = ">=2.0.2"

[[package]]
name = "pathspec"
version = "0.8.1"
description = "Utility library for gitignore style pattern matching of file paths."
category = "dev"
optional = false
python-versions = ">=2.7, !=3.0.*, !=3.1.*, !=3.2.*, !=3.3.*, !=3.4.*"

[[package]]
name = "pyparsing"
version = "2.4.7"
description = "Python parsing module"
category = "main"
optional = false
python-versions = ">=2.6, !=3.0.*, !=3.1.*, !=3.2.*"

[[package]]
name = "pyqt5"
version = "5.15.4"
description = "Python bindings for the Qt cross platform application toolkit"
category = "main"
optional = false
python-versions = ">=3.6"

[package.dependencies]
PyQt5-Qt5 = ">=5.15"
PyQt5-sip = ">=12.8,<13"

[[package]]
name = "pyqt5-qt5"
version = "5.15.2"
description = "The subset of a Qt installation needed by PyQt5."
category = "main"
optional = false
python-versions = "*"

[[package]]
name = "pyqt5-sip"
version = "12.9.0"
description = "The sip module support for PyQt5"
category = "main"
optional = false
python-versions = ">=3.5"

[[package]]
name = "pysocks"
version = "1.7.1"
description = "A Python SOCKS client module. See https://github.com/Anorov/PySocks for more information."
category = "main"
optional = false
python-versions = ">=2.7, !=3.0.*, !=3.1.*, !=3.2.*, !=3.3.*"

[[package]]
name = "regex"
version = "2021.7.1"
description = "Alternative regular expression module, to replace re."
category = "dev"
optional = false
python-versions = "*"

[[package]]
name = "requests"
version = "2.25.1"
description = "Python HTTP for Humans."
category = "main"
optional = false
python-versions = ">=2.7, !=3.0.*, !=3.1.*, !=3.2.*, !=3.3.*, !=3.4.*"

[package.dependencies]
certifi = ">=2017.4.17"
chardet = ">=3.0.2,<5"
idna = ">=2.5,<3"
urllib3 = ">=1.21.1,<1.27"

[package.extras]
security = ["pyOpenSSL (>=0.14)", "cryptography (>=1.3.4)"]
socks = ["PySocks (>=1.5.6,!=1.5.7)", "win-inet-pton"]

[[package]]
name = "toml"
version = "0.10.2"
description = "Python Library for Tom's Obvious, Minimal Language"
category = "dev"
optional = false
python-versions = ">=2.6, !=3.0.*, !=3.1.*, !=3.2.*"

[[package]]
name = "urllib3"
version = "1.26.6"
description = "HTTP library with thread-safe connection pooling, file post, and more."
category = "main"
optional = false
python-versions = ">=2.7, !=3.0.*, !=3.1.*, !=3.2.*, !=3.3.*, !=3.4.*, <4"

[package.extras]
brotli = ["brotlipy (>=0.6.0)"]
secure = ["pyOpenSSL (>=0.14)", "cryptography (>=1.3.4)", "idna (>=2.0.0)", "certifi", "ipaddress"]
socks = ["PySocks (>=1.5.6,!=1.5.7,<2.0)"]

[metadata]
lock-version = "1.1"
python-versions = "^3.8"
content-hash = "478e7d83db8baf915061cba87c4626cfcbfbfa8723d1fb94e28cab75d8bcbaa1"

[metadata.files]
appdirs = [
    {file = "appdirs-1.4.4-py2.py3-none-any.whl", hash = "sha256:a841dacd6b99318a741b166adb07e19ee71a274450e68237b4650ca1055ab128"},
    {file = "appdirs-1.4.4.tar.gz", hash = "sha256:7d5d0167b2b1ba821647616af46a749d1c653740dd0d2415100fe26e27afdf41"},
]
black = [
    {file = "black-21.6b0-py3-none-any.whl", hash = "sha256:dfb8c5a069012b2ab1e972e7b908f5fb42b6bbabcba0a788b86dc05067c7d9c7"},
    {file = "black-21.6b0.tar.gz", hash = "sha256:dc132348a88d103016726fe360cb9ede02cecf99b76e3660ce6c596be132ce04"},
]
certifi = [
    {file = "certifi-2021.5.30-py2.py3-none-any.whl", hash = "sha256:50b1e4f8446b06f41be7dd6338db18e0990601dce795c2b1686458aa7e8fa7d8"},
    {file = "certifi-2021.5.30.tar.gz", hash = "sha256:2bbf76fd432960138b3ef6dda3dde0544f27cbf8546c458e60baf371917ba9ee"},
]
chardet = [
    {file = "chardet-4.0.0-py2.py3-none-any.whl", hash = "sha256:f864054d66fd9118f2e67044ac8981a54775ec5b67aed0441892edb553d21da5"},
    {file = "chardet-4.0.0.tar.gz", hash = "sha256:0d6f53a15db4120f2b08c94f11e7d93d2c911ee118b6b30a04ec3ee8310179fa"},
]
click = [
    {file = "click-8.0.1-py3-none-any.whl", hash = "sha256:fba402a4a47334742d782209a7c79bc448911afe1149d07bdabdf480b3e2f4b6"},
    {file = "click-8.0.1.tar.gz", hash = "sha256:8c04c11192119b1ef78ea049e0a6f0463e4c48ef00a30160c704337586f3ad7a"},
]
colorama = [
    {file = "colorama-0.4.4-py2.py3-none-any.whl", hash = "sha256:9f47eda37229f68eee03b24b9748937c7dc3868f906e8ba69fbcbdd3bc5dc3e2"},
    {file = "colorama-0.4.4.tar.gz", hash = "sha256:5941b2b48a20143d2267e95b1c2a7603ce057ee39fd88e7329b0c292aa16869b"},
]
distro = [
    {file = "distro-1.5.0-py2.py3-none-any.whl", hash = "sha256:df74eed763e18d10d0da624258524ae80486432cd17392d9c3d96f5e83cd2799"},
    {file = "distro-1.5.0.tar.gz", hash = "sha256:0e58756ae38fbd8fc3020d54badb8eae17c5b9dcbed388b17bb55b8a5928df92"},
]
gpg = [
    {file = "gpg-1.10.0.tar.gz", hash = "sha256:349214a866c84aa548bc35ed14eccd2ec9085b3958d5753a63a19a71a1f523ca"},
]
idna = [
    {file = "idna-2.10-py2.py3-none-any.whl", hash = "sha256:b97d804b1e9b523befed77c48dacec60e6dcb0b5391d57af6a65a312a90648c0"},
    {file = "idna-2.10.tar.gz", hash = "sha256:b307872f855b18632ce0c21c5e45be78c0ea7ae4c15c828c20788b26921eb3f6"},
]
mypy-extensions = [
    {file = "mypy_extensions-0.4.3-py2.py3-none-any.whl", hash = "sha256:090fedd75945a69ae91ce1303b5824f428daf5a028d2f6ab8a299250a846f15d"},
    {file = "mypy_extensions-0.4.3.tar.gz", hash = "sha256:2d82818f5bb3e369420cb3c4060a7970edba416647068eb4c5343488a6c604a8"},
]
packaging = [
    {file = "packaging-21.0-py3-none-any.whl", hash = "sha256:c86254f9220d55e31cc94d69bade760f0847da8000def4dfe1c6b872fd14ff14"},
    {file = "packaging-21.0.tar.gz", hash = "sha256:7dc96269f53a4ccec5c0670940a4281106dd0bb343f47b7471f779df49c2fbe7"},
]
pathspec = [
    {file = "pathspec-0.8.1-py2.py3-none-any.whl", hash = "sha256:aa0cb481c4041bf52ffa7b0d8fa6cd3e88a2ca4879c533c9153882ee2556790d"},
    {file = "pathspec-0.8.1.tar.gz", hash = "sha256:86379d6b86d75816baba717e64b1a3a3469deb93bb76d613c9ce79edc5cb68fd"},
]
pyparsing = [
    {file = "pyparsing-2.4.7-py2.py3-none-any.whl", hash = "sha256:ef9d7589ef3c200abe66653d3f1ab1033c3c419ae9b9bdb1240a85b024efc88b"},
    {file = "pyparsing-2.4.7.tar.gz", hash = "sha256:c203ec8783bf771a155b207279b9bccb8dea02d8f0c9e5f8ead507bc3246ecc1"},
]
pyqt5 = [
    {file = "PyQt5-5.15.4-cp36.cp37.cp38.cp39-abi3-macosx_10_13_intel.whl", hash = "sha256:8c0848ba790a895801d5bfd171da31cad3e551dbcc4e59677a3b622de2ceca98"},
    {file = "PyQt5-5.15.4-cp36.cp37.cp38.cp39-abi3-manylinux2014_x86_64.whl", hash = "sha256:883a549382fc22d29a0568f3ef20b38c8e7ab633a59498ac4eb63a3bf36d3fd3"},
    {file = "PyQt5-5.15.4-cp36.cp37.cp38.cp39-none-win32.whl", hash = "sha256:a88526a271e846e44779bb9ad7a738c6d3c4a9d01e15a128ecfc6dd4696393b7"},
    {file = "PyQt5-5.15.4-cp36.cp37.cp38.cp39-none-win_amd64.whl", hash = "sha256:213bebd51821ed89b4d5b35bb10dbe67564228b3568f463a351a08e8b1677025"},
    {file = "PyQt5-5.15.4.tar.gz", hash = "sha256:2a69597e0dd11caabe75fae133feca66387819fc9bc050f547e5551bce97e5be"},
]
pyqt5-qt5 = [
    {file = "PyQt5_Qt5-5.15.2-py3-none-macosx_10_13_intel.whl", hash = "sha256:76980cd3d7ae87e3c7a33bfebfaee84448fd650bad6840471d6cae199b56e154"},
    {file = "PyQt5_Qt5-5.15.2-py3-none-manylinux2014_x86_64.whl", hash = "sha256:1988f364ec8caf87a6ee5d5a3a5210d57539988bf8e84714c7d60972692e2f4a"},
    {file = "PyQt5_Qt5-5.15.2-py3-none-win32.whl", hash = "sha256:9cc7a768b1921f4b982ebc00a318ccb38578e44e45316c7a4a850e953e1dd327"},
    {file = "PyQt5_Qt5-5.15.2-py3-none-win_amd64.whl", hash = "sha256:750b78e4dba6bdf1607febedc08738e318ea09e9b10aea9ff0d73073f11f6962"},
]
pyqt5-sip = [
    {file = "PyQt5_sip-12.9.0-cp36-cp36m-macosx_10_6_intel.whl", hash = "sha256:d85002238b5180bce4b245c13d6face848faa1a7a9e5c6e292025004f2fd619a"},
    {file = "PyQt5_sip-12.9.0-cp36-cp36m-manylinux1_x86_64.whl", hash = "sha256:83c3220b1ca36eb8623ba2eb3766637b19eb0ce9f42336ad8253656d32750c0a"},
    {file = "PyQt5_sip-12.9.0-cp36-cp36m-win32.whl", hash = "sha256:d8b2bdff7bbf45bc975c113a03b14fd669dc0c73e1327f02706666a7dd51a197"},
    {file = "PyQt5_sip-12.9.0-cp36-cp36m-win_amd64.whl", hash = "sha256:69a3ad4259172e2b1aa9060de211efac39ddd734a517b1924d9c6c0cc4f55f96"},
    {file = "PyQt5_sip-12.9.0-cp37-cp37m-macosx_10_9_x86_64.whl", hash = "sha256:42274a501ab4806d2c31659170db14c282b8313d2255458064666d9e70d96206"},
    {file = "PyQt5_sip-12.9.0-cp37-cp37m-manylinux1_x86_64.whl", hash = "sha256:6a8701892a01a5a2a4720872361197cc80fdd5f49c8482d488ddf38c9c84f055"},
    {file = "PyQt5_sip-12.9.0-cp37-cp37m-win32.whl", hash = "sha256:ac57d796c78117eb39edd1d1d1aea90354651efac9d3590aac67fa4983f99f1f"},
    {file = "PyQt5_sip-12.9.0-cp37-cp37m-win_amd64.whl", hash = "sha256:4347bd81d30c8e3181e553b3734f91658cfbdd8f1a19f254777f906870974e6d"},
    {file = "PyQt5_sip-12.9.0-cp38-cp38-macosx_10_9_x86_64.whl", hash = "sha256:c446971c360a0a1030282a69375a08c78e8a61d568bfd6dab3dcc5cf8817f644"},
    {file = "PyQt5_sip-12.9.0-cp38-cp38-manylinux1_x86_64.whl", hash = "sha256:fc43f2d7c438517ee33e929e8ae77132749c15909afab6aeece5fcf4147ffdb5"},
    {file = "PyQt5_sip-12.9.0-cp38-cp38-win32.whl", hash = "sha256:055581c6fed44ba4302b70eeb82e979ff70400037358908f251cd85cbb3dbd93"},
    {file = "PyQt5_sip-12.9.0-cp38-cp38-win_amd64.whl", hash = "sha256:c5216403d4d8d857ec4a61f631d3945e44fa248aa2415e9ee9369ab7c8a4d0c7"},
    {file = "PyQt5_sip-12.9.0-cp39-cp39-macosx_10_9_x86_64.whl", hash = "sha256:a25b9843c7da6a1608f310879c38e6434331aab1dc2fe6cb65c14f1ecf33780e"},
    {file = "PyQt5_sip-12.9.0-cp39-cp39-manylinux1_x86_64.whl", hash = "sha256:dd05c768c2b55ffe56a9d49ce6cc77cdf3d53dbfad935258a9e347cbfd9a5850"},
    {file = "PyQt5_sip-12.9.0-cp39-cp39-win32.whl", hash = "sha256:4f8e05fe01d54275877c59018d8e82dcdd0bc5696053a8b830eecea3ce806121"},
    {file = "PyQt5_sip-12.9.0-cp39-cp39-win_amd64.whl", hash = "sha256:b09f4cd36a4831229fb77c424d89635fa937d97765ec90685e2f257e56a2685a"},
    {file = "PyQt5_sip-12.9.0.tar.gz", hash = "sha256:d3e4489d7c2b0ece9d203ae66e573939f7f60d4d29e089c9f11daa17cfeaae32"},
]
pysocks = [
    {file = "PySocks-1.7.1-py27-none-any.whl", hash = "sha256:08e69f092cc6dbe92a0fdd16eeb9b9ffbc13cadfe5ca4c7bd92ffb078b293299"},
    {file = "PySocks-1.7.1-py3-none-any.whl", hash = "sha256:2725bd0a9925919b9b51739eea5f9e2bae91e83288108a9ad338b2e3a4435ee5"},
    {file = "PySocks-1.7.1.tar.gz", hash = "sha256:3f8804571ebe159c380ac6de37643bb4685970655d3bba243530d6558b799aa0"},
]
regex = [
    {file = "regex-2021.7.1-cp36-cp36m-macosx_10_9_x86_64.whl", hash = "sha256:494d0172774dc0beeea984b94c95389143db029575f7ca908edd74469321ea99"},
    {file = "regex-2021.7.1-cp36-cp36m-manylinux1_i686.whl", hash = "sha256:8cf6728f89b071bd3ab37cb8a0e306f4de897553a0ed07442015ee65fbf53d62"},
    {file = "regex-2021.7.1-cp36-cp36m-manylinux1_x86_64.whl", hash = "sha256:1806370b2bef4d4193eebe8ee59a9fd7547836a34917b7badbe6561a8594d9cb"},
    {file = "regex-2021.7.1-cp36-cp36m-manylinux2010_i686.whl", hash = "sha256:d0cf2651a8804f6325747c7e55e3be0f90ee2848e25d6b817aa2728d263f9abb"},
    {file = "regex-2021.7.1-cp36-cp36m-manylinux2010_x86_64.whl", hash = "sha256:268fe9dd1deb4a30c8593cabd63f7a241dfdc5bd9dd0233906c718db22cdd49a"},
    {file = "regex-2021.7.1-cp36-cp36m-manylinux2014_i686.whl", hash = "sha256:7743798dfb573d006f1143d745bf17efad39775a5190b347da5d83079646be56"},
    {file = "regex-2021.7.1-cp36-cp36m-manylinux2014_x86_64.whl", hash = "sha256:0e46c1191b2eb293a6912269ed08b4512e7e241bbf591f97e527492e04c77e93"},
    {file = "regex-2021.7.1-cp36-cp36m-win32.whl", hash = "sha256:b1dbeef938281f240347d50f28ae53c4b046a23389cd1fc4acec5ea0eae646a1"},
    {file = "regex-2021.7.1-cp36-cp36m-win_amd64.whl", hash = "sha256:6c72ebb72e64e9bd195cb35a9b9bbfb955fd953b295255b8ae3e4ad4a146b615"},
    {file = "regex-2021.7.1-cp37-cp37m-macosx_10_9_x86_64.whl", hash = "sha256:bf819c5b77ff44accc9a24e31f1f7ceaaf6c960816913ed3ef8443b9d20d81b6"},
    {file = "regex-2021.7.1-cp37-cp37m-manylinux1_i686.whl", hash = "sha256:e80d2851109e56420b71f9702ad1646e2f0364528adbf6af85527bc61e49f394"},
    {file = "regex-2021.7.1-cp37-cp37m-manylinux1_x86_64.whl", hash = "sha256:a1b6a3f600d6aff97e3f28c34192c9ed93fee293bd96ef327b64adb51a74b2f6"},
    {file = "regex-2021.7.1-cp37-cp37m-manylinux2010_i686.whl", hash = "sha256:ed77b97896312bc2deafe137ca2626e8b63808f5bedb944f73665c68093688a7"},
    {file = "regex-2021.7.1-cp37-cp37m-manylinux2010_x86_64.whl", hash = "sha256:a548bb51c4476332ce4139df8e637386730f79a92652a907d12c696b6252b64d"},
    {file = "regex-2021.7.1-cp37-cp37m-manylinux2014_i686.whl", hash = "sha256:210c359e6ee5b83f7d8c529ba3c75ba405481d50f35a420609b0db827e2e3bb5"},
    {file = "regex-2021.7.1-cp37-cp37m-manylinux2014_x86_64.whl", hash = "sha256:1d386402ae7f3c9b107ae5863f7ecccb0167762c82a687ae6526b040feaa5ac6"},
    {file = "regex-2021.7.1-cp37-cp37m-win32.whl", hash = "sha256:5049d00dbb78f9d166d1c704e93934d42cce0570842bb1a61695123d6b01de09"},
    {file = "regex-2021.7.1-cp37-cp37m-win_amd64.whl", hash = "sha256:361be4d311ac995a8c7ad577025a3ae3a538531b1f2cf32efd8b7e5d33a13e5a"},
    {file = "regex-2021.7.1-cp38-cp38-macosx_10_9_x86_64.whl", hash = "sha256:f32f47fb22c988c0b35756024b61d156e5c4011cb8004aa53d93b03323c45657"},
    {file = "regex-2021.7.1-cp38-cp38-manylinux1_i686.whl", hash = "sha256:b024ee43ee6b310fad5acaee23e6485b21468718cb792a9d1693eecacc3f0b7e"},
    {file = "regex-2021.7.1-cp38-cp38-manylinux1_x86_64.whl", hash = "sha256:b092754c06852e8a8b022004aff56c24b06310189186805800d09313c37ce1f8"},
    {file = "regex-2021.7.1-cp38-cp38-manylinux2010_i686.whl", hash = "sha256:a8a5826d8a1b64e2ff9af488cc179e1a4d0f144d11ce486a9f34ea38ccedf4ef"},
    {file = "regex-2021.7.1-cp38-cp38-manylinux2010_x86_64.whl", hash = "sha256:444723ebaeb7fa8125f29c01a31101a3854ac3de293e317944022ae5effa53a4"},
    {file = "regex-2021.7.1-cp38-cp38-manylinux2014_i686.whl", hash = "sha256:fdad3122b69cdabdb3da4c2a4107875913ac78dab0117fc73f988ad589c66b66"},
    {file = "regex-2021.7.1-cp38-cp38-manylinux2014_x86_64.whl", hash = "sha256:4b1999ef60c45357598935c12508abf56edbbb9c380df6f336de38a6c3a294ae"},
    {file = "regex-2021.7.1-cp38-cp38-win32.whl", hash = "sha256:e07e92935040c67f49571779d115ecb3e727016d42fb36ee0d8757db4ca12ee0"},
    {file = "regex-2021.7.1-cp38-cp38-win_amd64.whl", hash = "sha256:6b8b629f93246e507287ee07e26744beaffb4c56ed520576deac8b615bd76012"},
    {file = "regex-2021.7.1-cp39-cp39-macosx_10_9_x86_64.whl", hash = "sha256:56bef6b414949e2c9acf96cb5d78de8b529c7b99752619494e78dc76f99fd005"},
    {file = "regex-2021.7.1-cp39-cp39-manylinux1_i686.whl", hash = "sha256:78a2a885345a2d60b5e68099e877757d5ed12e46ba1e87507175f14f80892af3"},
    {file = "regex-2021.7.1-cp39-cp39-manylinux1_x86_64.whl", hash = "sha256:3f7a92e60930f8fca2623d9e326c173b7cf2c8b7e4fdcf984b75a1d2fb08114d"},
    {file = "regex-2021.7.1-cp39-cp39-manylinux2010_i686.whl", hash = "sha256:4fc86b729ab88fe8ac3ec92287df253c64aa71560d76da5acd8a2e245839c629"},
    {file = "regex-2021.7.1-cp39-cp39-manylinux2010_x86_64.whl", hash = "sha256:59845101de68fd5d3a1145df9ea022e85ecd1b49300ea68307ad4302320f6f61"},
    {file = "regex-2021.7.1-cp39-cp39-manylinux2014_i686.whl", hash = "sha256:ce269e903b00d1ab4746793e9c50a57eec5d5388681abef074d7b9a65748fca5"},
    {file = "regex-2021.7.1-cp39-cp39-manylinux2014_x86_64.whl", hash = "sha256:c11f2fca544b5e30a0e813023196a63b1cb9869106ef9a26e9dae28bce3e4e26"},
    {file = "regex-2021.7.1-cp39-cp39-win32.whl", hash = "sha256:1ccbd41dbee3a31e18938096510b7d4ee53aa9fce2ee3dcc8ec82ae264f6acfd"},
    {file = "regex-2021.7.1-cp39-cp39-win_amd64.whl", hash = "sha256:18040755606b0c21281493ec309214bd61e41a170509e5014f41d6a5a586e161"},
    {file = "regex-2021.7.1.tar.gz", hash = "sha256:849802379a660206277675aa5a5c327f5c910c690649535863ddf329b0ba8c87"},
]
requests = [
    {file = "requests-2.25.1-py2.py3-none-any.whl", hash = "sha256:c210084e36a42ae6b9219e00e48287def368a26d03a048ddad7bfee44f75871e"},
    {file = "requests-2.25.1.tar.gz", hash = "sha256:27973dd4a904a4f13b263a19c866c13b92a39ed1c964655f025f3f8d3d75b804"},
]
toml = [
    {file = "toml-0.10.2-py2.py3-none-any.whl", hash = "sha256:806143ae5bfb6a3c6e736a764057db0e6a0e05e338b5630894a5f779cabb4f9b"},
    {file = "toml-0.10.2.tar.gz", hash = "sha256:b3bda1d108d5dd99f4a20d24d9c348e91c4db7ab1b749200bded2f839ccbe68f"},
]
urllib3 = [
    {file = "urllib3-1.26.6-py2.py3-none-any.whl", hash = "sha256:39fb8672126159acb139a7718dd10806104dec1e2f0f6c88aab05d17df10c8d4"},
    {file = "urllib3-1.26.6.tar.gz", hash = "sha256:f57b4c16c62fa2760b7e3d97c35b255512fb6b59a259730f36ba32ce9f8e342f"},
]
